// !$*UTF8*$!
{
	archiveVersion = 1;
	classes = {
	};
	objectVersion = 56;
	objects = {

/* Begin PBXBuildFile section */
		362605BA2934392A00A06161 /* PokemonSwiftApp.swift in Sources */ = {isa = PBXBuildFile; fileRef = 362605B92934392A00A06161 /* PokemonSwiftApp.swift */; };
		362605BC2934392A00A06161 /* ContentView.swift in Sources */ = {isa = PBXBuildFile; fileRef = 362605BB2934392A00A06161 /* ContentView.swift */; };
		362605BE2934392F00A06161 /* Assets.xcassets in Resources */ = {isa = PBXBuildFile; fileRef = 362605BD2934392F00A06161 /* Assets.xcassets */; };
		362605C12934392F00A06161 /* Preview Assets.xcassets in Resources */ = {isa = PBXBuildFile; fileRef = 362605C02934392F00A06161 /* Preview Assets.xcassets */; };
		366F04C629344531009EC178 /* PokemonCell.swift in Sources */ = {isa = PBXBuildFile; fileRef = 366F04C529344531009EC178 /* PokemonCell.swift */; };
		366F04C829344EAB009EC178 /* PokemonView.swift in Sources */ = {isa = PBXBuildFile; fileRef = 366F04C729344EAB009EC178 /* PokemonView.swift */; };
		366F04CE29345485009EC178 /* DatosPokemon.swift in Sources */ = {isa = PBXBuildFile; fileRef = 366F04CD29345485009EC178 /* DatosPokemon.swift */; };
		366F04D229345C23009EC178 /* PokemonMaganer.swift in Sources */ = {isa = PBXBuildFile; fileRef = 366F04D129345C23009EC178 /* PokemonMaganer.swift */; };
/* End PBXBuildFile section */

/* Begin PBXFileReference section */
		362605B62934392A00A06161 /* PokemonSwift.app */ = {isa = PBXFileReference; explicitFileType = wrapper.application; includeInIndex = 0; path = PokemonSwift.app; sourceTree = BUILT_PRODUCTS_DIR; };
		362605B92934392A00A06161 /* PokemonSwiftApp.swift */ = {isa = PBXFileReference; lastKnownFileType = sourcecode.swift; path = PokemonSwiftApp.swift; sourceTree = "<group>"; };
		362605BB2934392A00A06161 /* ContentView.swift */ = {isa = PBXFileReference; lastKnownFileType = sourcecode.swift; path = ContentView.swift; sourceTree = "<group>"; };
		362605BD2934392F00A06161 /* Assets.xcassets */ = {isa = PBXFileReference; lastKnownFileType = folder.assetcatalog; path = Assets.xcassets; sourceTree = "<group>"; };
		362605C02934392F00A06161 /* Preview Assets.xcassets */ = {isa = PBXFileReference; lastKnownFileType = folder.assetcatalog; path = "Preview Assets.xcassets"; sourceTree = "<group>"; };
		366F04C529344531009EC178 /* PokemonCell.swift */ = {isa = PBXFileReference; lastKnownFileType = sourcecode.swift; path = PokemonCell.swift; sourceTree = "<group>"; };
		366F04C729344EAB009EC178 /* PokemonView.swift */ = {isa = PBXFileReference; lastKnownFileType = sourcecode.swift; path = PokemonView.swift; sourceTree = "<group>"; };
		366F04CD29345485009EC178 /* DatosPokemon.swift */ = {isa = PBXFileReference; lastKnownFileType = sourcecode.swift; path = DatosPokemon.swift; sourceTree = "<group>"; };
		366F04D129345C23009EC178 /* PokemonMaganer.swift */ = {isa = PBXFileReference; lastKnownFileType = sourcecode.swift; path = PokemonMaganer.swift; sourceTree = "<group>"; };
/* End PBXFileReference section */

/* Begin PBXFrameworksBuildPhase section */
		362605B32934392A00A06161 /* Frameworks */ = {
			isa = PBXFrameworksBuildPhase;
			buildActionMask = 2147483647;
			files = (
			);
			runOnlyForDeploymentPostprocessing = 0;
		};
/* End PBXFrameworksBuildPhase section */

/* Begin PBXGroup section */
		362605AD2934392900A06161 = {
			isa = PBXGroup;
			children = (
				362605B82934392A00A06161 /* PokemonSwift */,
				362605B72934392A00A06161 /* Products */,
			);
			sourceTree = "<group>";
		};
		362605B72934392A00A06161 /* Products */ = {
			isa = PBXGroup;
			children = (
				362605B62934392A00A06161 /* PokemonSwift.app */,
			);
			name = Products;
			sourceTree = "<group>";
		};
		362605B82934392A00A06161 /* PokemonSwift */ = {
			isa = PBXGroup;
			children = (
				362605C9293439B400A06161 /* Model */,
				362605C8293439A800A06161 /* View */,
				362605C72934399800A06161 /* ViewModel */,
				362605B92934392A00A06161 /* PokemonSwiftApp.swift */,
				362605BB2934392A00A06161 /* ContentView.swift */,
				362605BD2934392F00A06161 /* Assets.xcassets */,
				362605BF2934392F00A06161 /* Preview Content */,
			);
			path = PokemonSwift;
			sourceTree = "<group>";
		};
		362605BF2934392F00A06161 /* Preview Content */ = {
			isa = PBXGroup;
			children = (
				362605C02934392F00A06161 /* Preview Assets.xcassets */,
			);
			path = "Preview Content";
			sourceTree = "<group>";
		};
		362605C72934399800A06161 /* ViewModel */ = {
			isa = PBXGroup;
			children = (
			);
			path = ViewModel;
			sourceTree = "<group>";
		};
		362605C8293439A800A06161 /* View */ = {
			isa = PBXGroup;
			children = (
				366F04C529344531009EC178 /* PokemonCell.swift */,
				366F04C729344EAB009EC178 /* PokemonView.swift */,
			);
			path = View;
			sourceTree = "<group>";
		};
		362605C9293439B400A06161 /* Model */ = {
			isa = PBXGroup;
			children = (
				366F04CD29345485009EC178 /* DatosPokemon.swift */,
				366F04D129345C23009EC178 /* PokemonMaganer.swift */,
			);
			path = Model;
			sourceTree = "<group>";
		};
/* End PBXGroup section */

/* Begin PBXNativeTarget section */
		362605B52934392A00A06161 /* PokemonSwift */ = {
			isa = PBXNativeTarget;
			buildConfigurationList = 362605C42934392F00A06161 /* Build configuration list for PBXNativeTarget "PokemonSwift" */;
			buildPhases = (
				362605B22934392A00A06161 /* Sources */,
				362605B32934392A00A06161 /* Frameworks */,
				362605B42934392A00A06161 /* Resources */,
			);
			buildRules = (
			);
			dependencies = (
			);
			name = PokemonSwift;
			productName = PokemonSwift;
			productReference = 362605B62934392A00A06161 /* PokemonSwift.app */;
			productType = "com.apple.product-type.application";
		};
/* End PBXNativeTarget section */

/* Begin PBXProject section */
		362605AE2934392900A06161 /* Project object */ = {
			isa = PBXProject;
			attributes = {
				BuildIndependentTargetsInParallel = 1;
				LastSwiftUpdateCheck = 1410;
				LastUpgradeCheck = 1410;
				TargetAttributes = {
					362605B52934392A00A06161 = {
						CreatedOnToolsVersion = 14.1;
					};
				};
			};
			buildConfigurationList = 362605B12934392A00A06161 /* Build configuration list for PBXProject "PokemonSwift" */;
			compatibilityVersion = "Xcode 14.0";
			developmentRegion = en;
			hasScannedForEncodings = 0;
			knownRegions = (
				en,
				Base,
			);
			mainGroup = 362605AD2934392900A06161;
			productRefGroup = 362605B72934392A00A06161 /* Products */;
			projectDirPath = "";
			projectRoot = "";
			targets = (
				362605B52934392A00A06161 /* PokemonSwift */,
			);
		};
/* End PBXProject section */

/* Begin PBXResourcesBuildPhase section */
		362605B42934392A00A06161 /* Resources */ = {
			isa = PBXResourcesBuildPhase;
			buildActionMask = 2147483647;
			files = (
				362605C12934392F00A06161 /* Preview Assets.xcassets in Resources */,
				362605BE2934392F00A06161 /* Assets.xcassets in Resources */,
			);
			runOnlyForDeploymentPostprocessing = 0;
		};
/* End PBXResourcesBuildPhase section */

/* Begin PBXSourcesBuildPhase section */
		362605B22934392A00A06161 /* Sources */ = {
			isa = PBXSourcesBuildPhase;
			buildActionMask = 2147483647;
			files = (
				366F04C829344EAB009EC178 /* PokemonView.swift in Sources */,
				366F04D229345C23009EC178 /* PokemonMaganer.swift in Sources */,
				362605BC2934392A00A06161 /* ContentView.swift in Sources */,
				362605BA2934392A00A06161 /* PokemonSwiftApp.swift in Sources */,
				366F04C629344531009EC178 /* PokemonCell.swift in Sources */,
				366F04CE29345485009EC178 /* DatosPokemon.swift in Sources */,
			);
			runOnlyForDeploymentPostprocessing = 0;
		};
/* End PBXSourcesBuildPhase section */

/* Begin XCBuildConfiguration section */
		362605C22934392F00A06161 /* Debug */ = {
			isa = XCBuildConfiguration;
			buildSettings = {
				ALWAYS_SEARCH_USER_PATHS = NO;
				CLANG_ANALYZER_NONNULL = YES;
				CLANG_ANALYZER_NUMBER_OBJECT_CONVERSION = YES_AGGRESSIVE;
				CLANG_CXX_LANGUAGE_STANDARD = "gnu++20";
				CLANG_ENABLE_MODULES = YES;
				CLANG_ENABLE_OBJC_ARC = YES;
				CLANG_ENABLE_OBJC_WEAK = YES;
				CLANG_WARN_BLOCK_CAPTURE_AUTORELEASING = YES;
				CLANG_WARN_BOOL_CONVERSION = YES;
				CLANG_WARN_COMMA = YES;
				CLANG_WARN_CONSTANT_CONVERSION = YES;
				CLANG_WARN_DEPRECATED_OBJC_IMPLEMENTATIONS = YES;
				CLANG_WARN_DIRECT_OBJC_ISA_USAGE = YES_ERROR;
				CLANG_WARN_DOCUMENTATION_COMMENTS = YES;
				CLANG_WARN_EMPTY_BODY = YES;
				CLANG_WARN_ENUM_CONVERSION = YES;
				CLANG_WARN_INFINITE_RECURSION = YES;
				CLANG_WARN_INT_CONVERSION = YES;
				CLANG_WARN_NON_LITERAL_NULL_CONVERSION = YES;
				CLANG_WARN_OBJC_IMPLICIT_RETAIN_SELF = YES;
				CLANG_WARN_OBJC_LITERAL_CONVERSION = YES;
				CLANG_WARN_OBJC_ROOT_CLASS = YES_ERROR;
				CLANG_WARN_QUOTED_INCLUDE_IN_FRAMEWORK_HEADER = YES;
				CLANG_WARN_RANGE_LOOP_ANALYSIS = YES;
				CLANG_WARN_STRICT_PROTOTYPES = YES;
				CLANG_WARN_SUSPICIOUS_MOVE = YES;
				CLANG_WARN_UNGUARDED_AVAILABILITY = YES_AGGRESSIVE;
				CLANG_WARN_UNREACHABLE_CODE = YES;
				CLANG_WARN__DUPLICATE_METHOD_MATCH = YES;
				COPY_PHASE_STRIP = NO;
				DEBUG_INFORMATION_FORMAT = dwarf;
				ENABLE_STRICT_OBJC_MSGSEND = YES;
				ENABLE_TESTABILITY = YES;
				GCC_C_LANGUAGE_STANDARD = gnu11;
				GCC_DYNAMIC_NO_PIC = NO;
				GCC_NO_COMMON_BLOCKS = YES;
				GCC_OPTIMIZATION_LEVEL = 0;
				GCC_PREPROCESSOR_DEFINITIONS = (
					"DEBUG=1",
					"$(inherited)",
				);
				GCC_WARN_64_TO_32_BIT_CONVERSION = YES;
				GCC_WARN_ABOUT_RETURN_TYPE = YES_ERROR;
				GCC_WARN_UNDECLARED_SELECTOR = YES;
				GCC_WARN_UNINITIALIZED_AUTOS = YES_AGGRESSIVE;
				GCC_WARN_UNUSED_FUNCTION = YES;
				GCC_WARN_UNUSED_VARIABLE = YES;
				IPHONEOS_DEPLOYMENT_TARGET = 16.1;
				MTL_ENABLE_DEBUG_INFO = INCLUDE_SOURCE;
				MTL_FAST_MATH = YES;
				ONLY_ACTIVE_ARCH = YES;
				SDKROOT = iphoneos;
				SWIFT_ACTIVE_COMPILATION_CONDITIONS = DEBUG;
				SWIFT_OPTIMIZATION_LEVEL = "-Onone";
			};
			name = Debug;
		};
		362605C32934392F00A06161 /* Release */ = {
			isa = XCBuildConfiguration;
			buildSettings = {
				ALWAYS_SEARCH_USER_PATHS = NO;
				CLANG_ANALYZER_NONNULL = YES;
				CLANG_ANALYZER_NUMBER_OBJECT_CONVERSION = YES_AGGRESSIVE;
				CLANG_CXX_LANGUAGE_STANDARD = "gnu++20";
				CLANG_ENABLE_MODULES = YES;
				CLANG_ENABLE_OBJC_ARC = YES;
				CLANG_ENABLE_OBJC_WEAK = YES;
				CLANG_WARN_BLOCK_CAPTURE_AUTORELEASING = YES;
				CLANG_WARN_BOOL_CONVERSION = YES;
				CLANG_WARN_COMMA = YES;
				CLANG_WARN_CONSTANT_CONVERSION = YES;
				CLANG_WARN_DEPRECATED_OBJC_IMPLEMENTATIONS = YES;
				CLANG_WARN_DIRECT_OBJC_ISA_USAGE = YES_ERROR;
				CLANG_WARN_DOCUMENTATION_COMMENTS = YES;
				CLANG_WARN_EMPTY_BODY = YES;
				CLANG_WARN_ENUM_CONVERSION = YES;
				CLANG_WARN_INFINITE_RECURSION = YES;
				CLANG_WARN_INT_CONVERSION = YES;
				CLANG_WARN_NON_LITERAL_NULL_CONVERSION = YES;
				CLANG_WARN_OBJC_IMPLICIT_RETAIN_SELF = YES;
				CLANG_WARN_OBJC_LITERAL_CONVERSION = YES;
				CLANG_WARN_OBJC_ROOT_CLASS = YES_ERROR;
				CLANG_WARN_QUOTED_INCLUDE_IN_FRAMEWORK_HEADER = YES;
				CLANG_WARN_RANGE_LOOP_ANALYSIS = YES;
				CLANG_WARN_STRICT_PROTOTYPES = YES;
				CLANG_WARN_SUSPICIOUS_MOVE = YES;
				CLANG_WARN_UNGUARDED_AVAILABILITY = YES_AGGRESSIVE;
				CLANG_WARN_UNREACHABLE_CODE = YES;
				CLANG_WARN__DUPLICATE_METHOD_MATCH = YES;
				COPY_PHASE_STRIP = NO;
				DEBUG_INFORMATION_FORMAT = "dwarf-with-dsym";
				ENABLE_NS_ASSERTIONS = NO;
				ENABLE_STRICT_OBJC_MSGSEND = YES;
				GCC_C_LANGUAGE_STANDARD = gnu11;
				GCC_NO_COMMON_BLOCKS = YES;
				GCC_WARN_64_TO_32_BIT_CONVERSION = YES;
				GCC_WARN_ABOUT_RETURN_TYPE = YES_ERROR;
				GCC_WARN_UNDECLARED_SELECTOR = YES;
				GCC_WARN_UNINITIALIZED_AUTOS = YES_AGGRESSIVE;
				GCC_WARN_UNUSED_FUNCTION = YES;
				GCC_WARN_UNUSED_VARIABLE = YES;
				IPHONEOS_DEPLOYMENT_TARGET = 16.1;
				MTL_ENABLE_DEBUG_INFO = NO;
				MTL_FAST_MATH = YES;
				SDKROOT = iphoneos;
				SWIFT_COMPILATION_MODE = wholemodule;
				SWIFT_OPTIMIZATION_LEVEL = "-O";
				VALIDATE_PRODUCT = YES;
			};
			name = Release;
		};
		362605C52934392F00A06161 /* Debug */ = {
			isa = XCBuildConfiguration;
			buildSettings = {
				ASSETCATALOG_COMPILER_APPICON_NAME = AppIcon;
				ASSETCATALOG_COMPILER_GLOBAL_ACCENT_COLOR_NAME = AccentColor;
				CODE_SIGN_STYLE = Automatic;
				CURRENT_PROJECT_VERSION = 1;
				DEVELOPMENT_ASSET_PATHS = "\"PokemonSwift/Preview Content\"";
				DEVELOPMENT_TEAM = 9MQ9GC3A9C;
				ENABLE_PREVIEWS = YES;
				GENERATE_INFOPLIST_FILE = YES;
				INFOPLIST_KEY_UIApplicationSceneManifest_Generation = YES;
				INFOPLIST_KEY_UIApplicationSupportsIndirectInputEvents = YES;
				INFOPLIST_KEY_UILaunchScreen_Generation = YES;
				INFOPLIST_KEY_UISupportedInterfaceOrientations_iPad = "UIInterfaceOrientationPortrait UIInterfaceOrientationPortraitUpsideDown UIInterfaceOrientationLandscapeLeft UIInterfaceOrientationLandscapeRight";
				INFOPLIST_KEY_UISupportedInterfaceOrientations_iPhone = "UIInterfaceOrientationPortrait UIInterfaceOrientationLandscapeLeft UIInterfaceOrientationLandscapeRight";
				LD_RUNPATH_SEARCH_PATHS = (
					"$(inherited)",
					"@executable_path/Frameworks",
				);
				MARKETING_VERSION = 1.0;
				PRODUCT_BUNDLE_IDENTIFIER = victorTejeda.com.PokemonSwift;
				PRODUCT_NAME = "$(TARGET_NAME)";
				SWIFT_EMIT_LOC_STRINGS = YES;
				SWIFT_VERSION = 5.0;
				TARGETED_DEVICE_FAMILY = "1,2";
			};
			name = Debug;
		};
		362605C62934392F00A06161 /* Release */ = {
			isa = XCBuildConfiguration;
			buildSettings = {
				ASSETCATALOG_COMPILER_APPICON_NAME = AppIcon;
				ASSETCATALOG_COMPILER_GLOBAL_ACCENT_COLOR_NAME = AccentColor;
				CODE_SIGN_STYLE = Automatic;
				CURRENT_PROJECT_VERSION = 1;
				DEVELOPMENT_ASSET_PATHS = "\"PokemonSwift/Preview Content\"";
				DEVELOPMENT_TEAM = 9MQ9GC3A9C;
				ENABLE_PREVIEWS = YES;
				GENERATE_INFOPLIST_FILE = YES;
				INFOPLIST_KEY_UIApplicationSceneManifest_Generation = YES;
				INFOPLIST_KEY_UIApplicationSupportsIndirectInputEvents = YES;
				INFOPLIST_KEY_UILaunchScreen_Generation = YES;
				INFOPLIST_KEY_UISupportedInterfaceOrientations_iPad = "UIInterfaceOrientationPortrait UIInterfaceOrientationPortraitUpsideDown UIInterfaceOrientationLandscapeLeft UIInterfaceOrientationLandscapeRight";
				INFOPLIST_KEY_UISupportedInterfaceOrientations_iPhone = "UIInterfaceOrientationPortrait UIInterfaceOrientationLandscapeLeft UIInterfaceOrientationLandscapeRight";
				LD_RUNPATH_SEARCH_PATHS = (
					"$(inherited)",
					"@executable_path/Frameworks",
				);
				MARKETING_VERSION = 1.0;
				PRODUCT_BUNDLE_IDENTIFIER = victorTejeda.com.PokemonSwift;
				PRODUCT_NAME = "$(TARGET_NAME)";
				SWIFT_EMIT_LOC_STRINGS = YES;
				SWIFT_VERSION = 5.0;
				TARGETED_DEVICE_FAMILY = "1,2";
			};
			name = Release;
		};
/* End XCBuildConfiguration section */

/* Begin XCConfigurationList section */
		362605B12934392A00A06161 /* Build configuration list for PBXProject "PokemonSwift" */ = {
			isa = XCConfigurationList;
			buildConfigurations = (
				362605C22934392F00A06161 /* Debug */,
				362605C32934392F00A06161 /* Release */,
			);
			defaultConfigurationIsVisible = 0;
			defaultConfigurationName = Release;
		};
		362605C42934392F00A06161 /* Build configuration list for PBXNativeTarget "PokemonSwift" */ = {
			isa = XCConfigurationList;
			buildConfigurations = (
				362605C52934392F00A06161 /* Debug */,
				362605C62934392F00A06161 /* Release */,
			);
			defaultConfigurationIsVisible = 0;
			defaultConfigurationName = Release;
		};
/* End XCConfigurationList section */
	};
	rootObject = 362605AE2934392900A06161 /* Project object */;
}
